{
    "_readme": [
        "This file locks the dependencies of your project to a known state",
        "Read more about it at https://getcomposer.org/doc/01-basic-usage.md#composer-lock-the-lock-file",
        "This file is @generated automatically"
    ],
    "hash": "7946c9b0d7f623d363cffe45fb8bc214",
    "content-hash": "934c1da54adebe48c0b203d1822c8bbe",
    "packages": [
        {
            "name": "eluceo/ical",
            "version": "0.11.0",
            "source": {
                "type": "git",
                "url": "https://github.com/markuspoerschke/iCal.git",
                "reference": "63315a46211630308f068f4d79ef8638e5483346"
            },
            "dist": {
                "type": "zip",
                "url": "https://api.github.com/repos/markuspoerschke/iCal/zipball/63315a46211630308f068f4d79ef8638e5483346",
                "reference": "63315a46211630308f068f4d79ef8638e5483346",
                "shasum": ""
            },
            "require": {
                "php": ">=5.3.0"
            },
            "require-dev": {
                "phpunit/phpunit": "~4.3"
            },
            "type": "library",
            "autoload": {
                "psr-0": {
                    "Eluceo\\iCal": "src/"
                }
            },
            "notification-url": "https://packagist.org/downloads/",
            "license": [
                "MIT"
            ],
            "authors": [
                {
                    "name": "Maciej Łebkowski",
                    "email": "m.lebkowski@gmail.com",
                    "role": "Contributor"
                },
                {
                    "name": "Markus Poerschke",
                    "email": "markus@eluceo.de",
                    "role": "Developer"
                }
            ],
            "description": "The eluceo/iCal package offers a abstraction layer for creating iCalendars. You can easily create iCal files by using PHP object instead of typing your *.ics file by hand. The output will follow RFC 2445 as best as possible.",
            "homepage": "https://github.com/markuspoerschke/iCal",
            "keywords": [
                "calendar",
                "iCalendar",
                "ical",
                "ics",
                "php calendar"
            ],
            "time": "2016-09-16 12:19:54"
        },
        {
            "name": "symfony/console",
            "version": "v3.1.4",
            "source": {
                "type": "git",
                "url": "https://github.com/symfony/console.git",
                "reference": "8ea494c34f0f772c3954b5fbe00bffc5a435e563"
            },
            "dist": {
                "type": "zip",
                "url": "https://api.github.com/repos/symfony/console/zipball/8ea494c34f0f772c3954b5fbe00bffc5a435e563",
                "reference": "8ea494c34f0f772c3954b5fbe00bffc5a435e563",
                "shasum": ""
            },
            "require": {
                "php": ">=5.5.9",
                "symfony/polyfill-mbstring": "~1.0"
            },
            "require-dev": {
                "psr/log": "~1.0",
                "symfony/event-dispatcher": "~2.8|~3.0",
                "symfony/process": "~2.8|~3.0"
            },
            "suggest": {
                "psr/log": "For using the console logger",
                "symfony/event-dispatcher": "",
                "symfony/process": ""
            },
            "type": "library",
            "extra": {
                "branch-alias": {
                    "dev-master": "3.1-dev"
                }
            },
            "autoload": {
                "psr-4": {
                    "Symfony\\Component\\Console\\": ""
                },
                "exclude-from-classmap": [
                    "/Tests/"
                ]
            },
            "notification-url": "https://packagist.org/downloads/",
            "license": [
                "MIT"
            ],
            "authors": [
                {
                    "name": "Fabien Potencier",
                    "email": "fabien@symfony.com"
                },
                {
                    "name": "Symfony Community",
                    "homepage": "https://symfony.com/contributors"
                }
            ],
            "description": "Symfony Console Component",
            "homepage": "https://symfony.com",
            "time": "2016-08-19 06:48:39"
        },
        {
            "name": "symfony/polyfill-mbstring",
            "version": "v1.2.0",
            "source": {
                "type": "git",
                "url": "https://github.com/symfony/polyfill-mbstring.git",
                "reference": "dff51f72b0706335131b00a7f49606168c582594"
            },
            "dist": {
                "type": "zip",
                "url": "https://api.github.com/repos/symfony/polyfill-mbstring/zipball/dff51f72b0706335131b00a7f49606168c582594",
                "reference": "dff51f72b0706335131b00a7f49606168c582594",
                "shasum": ""
            },
            "require": {
                "php": ">=5.3.3"
            },
            "suggest": {
                "ext-mbstring": "For best performance"
            },
            "type": "library",
            "extra": {
                "branch-alias": {
                    "dev-master": "1.2-dev"
                }
            },
            "autoload": {
                "psr-4": {
                    "Symfony\\Polyfill\\Mbstring\\": ""
                },
                "files": [
                    "bootstrap.php"
                ]
            },
            "notification-url": "https://packagist.org/downloads/",
            "license": [
                "MIT"
            ],
            "authors": [
                {
                    "name": "Nicolas Grekas",
                    "email": "p@tchwork.com"
                },
                {
                    "name": "Symfony Community",
                    "homepage": "https://symfony.com/contributors"
                }
            ],
            "description": "Symfony polyfill for the Mbstring extension",
            "homepage": "https://symfony.com",
            "keywords": [
                "compatibility",
                "mbstring",
                "polyfill",
                "portable",
                "shim"
            ],
            "time": "2016-05-18 14:26:46"
        }
    ],
    "packages-dev": [
        {
            "name": "hamcrest/hamcrest-php",
            "version": "v1.2.2",
            "source": {
                "type": "git",
                "url": "https://github.com/hamcrest/hamcrest-php.git",
                "reference": "b37020aa976fa52d3de9aa904aa2522dc518f79c"
            },
            "dist": {
                "type": "zip",
                "url": "https://api.github.com/repos/hamcrest/hamcrest-php/zipball/b37020aa976fa52d3de9aa904aa2522dc518f79c",
                "reference": "b37020aa976fa52d3de9aa904aa2522dc518f79c",
                "shasum": ""
            },
            "require": {
                "php": ">=5.3.2"
            },
            "replace": {
                "cordoval/hamcrest-php": "*",
                "davedevelopment/hamcrest-php": "*",
                "kodova/hamcrest-php": "*"
            },
            "require-dev": {
                "phpunit/php-file-iterator": "1.3.3",
                "satooshi/php-coveralls": "dev-master"
            },
            "type": "library",
            "autoload": {
                "classmap": [
                    "hamcrest"
                ],
                "files": [
                    "hamcrest/Hamcrest.php"
                ]
            },
            "notification-url": "https://packagist.org/downloads/",
            "license": [
                "BSD"
            ],
            "description": "This is the PHP port of Hamcrest Matchers",
            "keywords": [
                "test"
            ],
            "time": "2015-05-11 14:41:42"
        },
        {
            "name": "mikey179/vfsStream",
            "version": "v1.6.4",
            "source": {
                "type": "git",
                "url": "https://github.com/mikey179/vfsStream.git",
                "reference": "0247f57b2245e8ad2e689d7cee754b45fbabd592"
            },
            "dist": {
                "type": "zip",
                "url": "https://api.github.com/repos/mikey179/vfsStream/zipball/0247f57b2245e8ad2e689d7cee754b45fbabd592",
                "reference": "0247f57b2245e8ad2e689d7cee754b45fbabd592",
                "shasum": ""
            },
            "require": {
                "php": ">=5.3.0"
            },
            "require-dev": {
                "phpunit/phpunit": "~4.5"
            },
            "type": "library",
            "extra": {
                "branch-alias": {
                    "dev-master": "1.6.x-dev"
                }
            },
            "autoload": {
                "psr-0": {
                    "org\\bovigo\\vfs\\": "src/main/php"
                }
            },
            "notification-url": "https://packagist.org/downloads/",
            "license": [
                "BSD-3-Clause"
            ],
            "authors": [
                {
                    "name": "Frank Kleine",
                    "homepage": "http://frankkleine.de/",
                    "role": "Developer"
                }
            ],
            "description": "Virtual file system to mock the real file system in unit tests.",
            "homepage": "http://vfs.bovigo.org/",
            "time": "2016-07-18 14:02:57"
        },
        {
            "name": "mockery/mockery",
            "version": "0.9.5",
            "source": {
                "type": "git",
                "url": "https://github.com/padraic/mockery.git",
                "reference": "4db079511a283e5aba1b3c2fb19037c645e70fc2"
            },
            "dist": {
                "type": "zip",
                "url": "https://api.github.com/repos/padraic/mockery/zipball/4db079511a283e5aba1b3c2fb19037c645e70fc2",
                "reference": "4db079511a283e5aba1b3c2fb19037c645e70fc2",
                "shasum": ""
            },
            "require": {
                "hamcrest/hamcrest-php": "~1.1",
                "lib-pcre": ">=7.0",
                "php": ">=5.3.2"
            },
            "require-dev": {
                "phpunit/phpunit": "~4.0"
            },
            "type": "library",
            "extra": {
                "branch-alias": {
                    "dev-master": "0.9.x-dev"
                }
            },
            "autoload": {
                "psr-0": {
                    "Mockery": "library/"
                }
            },
            "notification-url": "https://packagist.org/downloads/",
            "license": [
                "BSD-3-Clause"
            ],
            "authors": [
                {
                    "name": "Pádraic Brady",
                    "email": "padraic.brady@gmail.com",
                    "homepage": "http://blog.astrumfutura.com"
                },
                {
                    "name": "Dave Marshall",
                    "email": "dave.marshall@atstsolutions.co.uk",
                    "homepage": "http://davedevelopment.co.uk"
                }
            ],
            "description": "Mockery is a simple yet flexible PHP mock object framework for use in unit testing with PHPUnit, PHPSpec or any other testing framework. Its core goal is to offer a test double framework with a succinct API capable of clearly defining all possible object operations and interactions using a human readable Domain Specific Language (DSL). Designed as a drop in alternative to PHPUnit's phpunit-mock-objects library, Mockery is easy to integrate with PHPUnit and can operate alongside phpunit-mock-objects without the World ending.",
            "homepage": "http://github.com/padraic/mockery",
            "keywords": [
                "BDD",
                "TDD",
                "library",
                "mock",
                "mock objects",
                "mockery",
                "stub",
                "test",
                "test double",
                "testing"
            ],
            "time": "2016-05-22 21:52:33"
        },
        {
            "name": "nette/tester",
            "version": "v1.7.1",
            "source": {
                "type": "git",
                "url": "https://github.com/nette/tester.git",
                "reference": "d97534578e8cf66eabe081e7d5eaa4dd527ab0c8"
            },
            "dist": {
                "type": "zip",
                "url": "https://api.github.com/repos/nette/tester/zipball/d97534578e8cf66eabe081e7d5eaa4dd527ab0c8",
                "reference": "d97534578e8cf66eabe081e7d5eaa4dd527ab0c8",
                "shasum": ""
            },
            "require": {
                "php": ">=5.3.0"
            },
            "bin": [
                "src/tester"
            ],
            "type": "library",
            "extra": {
                "branch-alias": {
                    "dev-master": "1.7-dev"
                }
            },
            "autoload": {
                "classmap": [
                    "src/"
                ]
            },
            "notification-url": "https://packagist.org/downloads/",
            "license": [
                "BSD-3-Clause",
                "GPL-2.0",
                "GPL-3.0"
            ],
            "authors": [
                {
                    "name": "David Grudl",
                    "homepage": "https://davidgrudl.com"
                },
                {
                    "name": "Nette Community",
                    "homepage": "https://nette.org/contributors"
                }
            ],
            "description": "An easy-to-use PHP unit testing framework.",
            "homepage": "https://tester.nette.org",
            "keywords": [
                "nette",
                "testing",
                "unit"
            ],
            "time": "2016-03-19 14:34:02"
        }
    ],
    "aliases": [],
    "minimum-stability": "stable",
    "stability-flags": [],
    "prefer-stable": false,
    "prefer-lowest": false,
    "platform": {
        "php": "^7.0.8"
    },
    "platform-dev": []
}
